
Microsoft Visual Studio Solution File, Format Version 12.00
# Visual Studio 15
VisualStudioVersion = 15.0.28307.1831
MinimumVisualStudioVersion = 10.0.40219.1
Project("{FAE04EC0-301F-11D3-BF4B-00C04F79EFBC}") = "Johnson_Assignment8", "Johnson_Assignment8\Johnson_Assignment8.csproj", "{CF362B17-D58F-47A6-9950-E33473EFDD5E}"
EndProject
Global
	GlobalSection(SolutionConfigurationPlatforms) = preSolution
		Debug|Any CPU = Debug|Any CPU
		Release|Any CPU = Release|Any CPU
	EndGlobalSection
	GlobalSection(ProjectConfigurationPlatforms) = postSolution
		{CF362B17-D58F-47A6-9950-E33473EFDD5E}.Debug|Any CPU.ActiveCfg = Debug|Any CPU
		{CF362B17-D58F-47A6-9950-E33473EFDD5E}.Debug|Any CPU.Build.0 = Debug|Any CPU
		{CF362B17-D58F-47A6-9950-E33473EFDD5E}.Release|Any CPU.ActiveCfg = Release|Any CPU
		{CF362B17-D58F-47A6-9950-E33473EFDD5E}.Release|Any CPU.Build.0 = Release|Any CPU
	EndGlobalSection
	GlobalSection(SolutionProperties) = preSolution
		HideSolutionNode = FALSE
	EndGlobalSection
	GlobalSection(ExtensibilityGlobals) = postSolution
		SolutionGuid = {2FC7B7B6-2640-4F3D-AE99-74AAB20F649C}
	EndGlobalSection
EndGlobal
